<?xml version="1.0" encoding="utf-8"?>
<Project ToolsVersion="4.0" xmlns="http://schemas.microsoft.com/developer/msbuild/2003">
  <ItemGroup>
    <Filter Include="sources">
      <UniqueIdentifier>{4FC737F1-C7A5-4376-A066-2A32D752A2FF}</UniqueIdentifier>
      <Extensions>cpp;c;cc;cxx;c++;cppm;ixx;def;odl;idl;hpj;bat;asm;asmx</Extensions>
    </Filter>
    <Filter Include="headers">
      <UniqueIdentifier>{93995380-89BD-4b04-88EB-625FBE52EBFB}</UniqueIdentifier>
      <Extensions>h;hh;hpp;hxx;h++;hm;inl;inc;ipp;xsd</Extensions>
    </Filter>
    <Filter Include="headers\ImGui">
      <UniqueIdentifier>{7b2270dc-69b7-4784-8db7-61f0ee3d462d}</UniqueIdentifier>
    </Filter>
    <Filter Include="resources">
      <UniqueIdentifier>{67DA6AB6-F800-4c08-8B7A-83BB121AAD01}</UniqueIdentifier>
      <Extensions>rc;ico;cur;bmp;dlg;rc2;rct;bin;rgs;gif;jpg;jpeg;jpe;resx;tiff;tif;png;wav;mfcribbon-ms</Extensions>
    </Filter>
    <Filter Include="headers\icon">
      <UniqueIdentifier>{cd2081a9-fa6f-4c26-a15a-ad36778cc172}</UniqueIdentifier>
    </Filter>
    <Filter Include="sources\Obfuscate">
      <UniqueIdentifier>{824c7d5b-bc74-4736-8d62-410db00afa82}</UniqueIdentifier>
    </Filter>
    <Filter Include="headers\Settings">
      <UniqueIdentifier>{3c5d9cc8-86f2-4710-ba42-e2a5669489c7}</UniqueIdentifier>
    </Filter>
  </ItemGroup>
  <ItemGroup>
    <ClCompile Include="main.cpp">
      <Filter>sources</Filter>
    </ClCompile>
    <ClCompile Include="ImGui\imgui.cpp">
      <Filter>headers\ImGui</Filter>
    </ClCompile>
    <ClCompile Include="ImGui\imgui_demo.cpp">
      <Filter>headers\ImGui</Filter>
    </ClCompile>
    <ClCompile Include="ImGui\imgui_draw.cpp">
      <Filter>headers\ImGui</Filter>
    </ClCompile>
    <ClCompile Include="ImGui\imgui_tables.cpp">
      <Filter>headers\ImGui</Filter>
    </ClCompile>
    <ClCompile Include="ImGui\imgui_widgets.cpp">
      <Filter>headers\ImGui</Filter>
    </ClCompile>
    <ClCompile Include="UI.cpp">
      <Filter>sources</Filter>
    </ClCompile>
    <ClCompile Include="Drawing.cpp">
      <Filter>sources</Filter>
    </ClCompile>
    <ClCompile Include="ImGui\imgui_impl_dx11.cpp">
      <Filter>headers\ImGui</Filter>
    </ClCompile>
    <ClCompile Include="ImGui\imgui_impl_win32.cpp">
      <Filter>headers\ImGui</Filter>
    </ClCompile>
    <ClCompile Include="BatObfuscate.cpp">
      <Filter>sources\Obfuscate</Filter>
    </ClCompile>
    <ClCompile Include="Settings.cpp">
      <Filter>headers\Settings</Filter>
    </ClCompile>
  </ItemGroup>
  <ItemGroup>
    <ClInclude Include="ImGui\imconfig.h">
      <Filter>headers\ImGui</Filter>
    </ClInclude>
    <ClInclude Include="ImGui\imgui.h">
      <Filter>headers\ImGui</Filter>
    </ClInclude>
    <ClInclude Include="ImGui\imgui_internal.h">
      <Filter>headers\ImGui</Filter>
    </ClInclude>
    <ClInclude Include="ImGui\imstb_rectpack.h">
      <Filter>headers\ImGui</Filter>
    </ClInclude>
    <ClInclude Include="ImGui\imstb_textedit.h">
      <Filter>headers\ImGui</Filter>
    </ClInclude>
    <ClInclude Include="ImGui\imstb_truetype.h">
      <Filter>headers\ImGui</Filter>
    </ClInclude>
    <ClInclude Include="UI.h">
      <Filter>headers</Filter>
    </ClInclude>
    <ClInclude Include="Drawing.h">
      <Filter>headers</Filter>
    </ClInclude>
    <ClInclude Include="ImGui\imgui_impl_dx11.h">
      <Filter>headers\ImGui</Filter>
    </ClInclude>
    <ClInclude Include="ImGui\imgui_impl_win32.h">
      <Filter>headers\ImGui</Filter>
    </ClInclude>
    <ClInclude Include="pch.h">
      <Filter>headers</Filter>
    </ClInclude>
    <ClInclude Include="encrypt.h">
      <Filter>headers</Filter>
    </ClInclude>
    <ClInclude Include="resource.h">
      <Filter>headers</Filter>
    </ClInclude>
    <ClInclude Include="icon.h">
      <Filter>headers\icon</Filter>
    </ClInclude>
    <ClInclude Include="font.h">
      <Filter>headers\icon</Filter>
    </ClInclude>
    <ClInclude Include="logo.h">
      <Filter>headers\icon</Filter>
    </ClInclude>
    <ClInclude Include="BatObfuscate.h">
      <Filter>sources\Obfuscate</Filter>
    </ClInclude>
    <ClInclude Include="Settings.h">
      <Filter>headers\Settings</Filter>
    </ClInclude>
  </ItemGroup>
  <ItemGroup>
    <ResourceCompile Include="Bat.rc">
      <Filter>resources</Filter>
    </ResourceCompile>
  </ItemGroup>
  <ItemGroup>
    <Image Include="icon1.ico">
      <Filter>resources</Filter>
    </Image>
  </ItemGroup>
</Project>